
Microsoft Visual Studio Solution File, Format Version 12.00
# Visual Studio Version 17
VisualStudioVersion = 17.14.37531.7 d17.14
MinimumVisualStudioVersion = 10.0.40219.1
Project("{FAE04EC0-301F-11D3-BF4B-00C04F79EFBC}") = "ExamManagementSystem", "ExamManagementSystem.csproj", "{60F4E725-95C5-4FD6-B06F-131AB07A9203}"
EndProject
Global
	GlobalSection(SolutionConfigurationPlatforms) = preSolution
		Debug|Any CPU = Debug|Any CPU
		Release|Any CPU = Release|Any CPU
	EndGlobalSection
	GlobalSection(ProjectConfigurationPlatforms) = postSolution
		{60F4E725-95C5-4FD6-B06F-131AB07A9203}.Debug|Any CPU.ActiveCfg = Debug|Any CPU
		{60F4E725-95C5-4FD6-B06F-131AB07A9203}.Debug|Any CPU.Build.0 = Debug|Any CPU
		{60F4E725-95C5-4FD6-B06F-131AB07A9203}.Release|Any CPU.ActiveCfg = Release|Any CPU
		{60F4E725-95C5-4FD6-B06F-131AB07A9203}.Release|Any CPU.Build.0 = Release|Any CPU
	EndGlobalSection
	GlobalSection(SolutionProperties) = preSolution
		HideSolutionNode = FALSE
	EndGlobalSection
	GlobalSection(ExtensibilityGlobals) = postSolution
		SolutionGuid = {2C634FB7-FEC5-4A7E-B38A-CFC07C6F313F}
	EndGlobalSection
EndGlobal
